
Microsoft Visual Studio Solution File, Format Version 12.00
Project("{FAE04EC0-301F-11D3-BF4B-00C04F79EFBC}") = "AthSchedule", "AthSchedule\AthSchedule\AthSchedule.csproj", "{8D366DE6-C9FB-4F96-A721-5ED732EED2E3}"
EndProject
Project("{FAE04EC0-301F-11D3-BF4B-00C04F79EFBC}") = "AthSchedule.Android", "AthSchedule\AthSchedule.Android\AthSchedule.Android.csproj", "{780A4FE8-9968-478B-89A4-EE9DB1D5A858}"
EndProject
Project("{FAE04EC0-301F-11D3-BF4B-00C04F79EFBC}") = "AthSchedule.iOS", "AthSchedule\AthSchedule.iOS\AthSchedule.iOS.csproj", "{946B1578-1722-4247-8749-6376B7EADDFE}"
EndProject
Global
	GlobalSection(SolutionConfigurationPlatforms) = preSolution
		Ad-Hoc|iPhone = Ad-Hoc|iPhone
		AppStore|iPhone = AppStore|iPhone
		Debug|Any CPU = Debug|Any CPU
		Debug|iPhone = Debug|iPhone
		Debug|iPhoneSimulator = Debug|iPhoneSimulator
		Release|Any CPU = Release|Any CPU
		Release|iPhone = Release|iPhone
		Release|iPhoneSimulator = Release|iPhoneSimulator
	EndGlobalSection
	GlobalSection(ProjectConfigurationPlatforms) = postSolution
		{8D366DE6-C9FB-4F96-A721-5ED732EED2E3}.Ad-Hoc|iPhone.ActiveCfg = Debug|Any CPU
		{8D366DE6-C9FB-4F96-A721-5ED732EED2E3}.Ad-Hoc|iPhone.Build.0 = Debug|Any CPU
		{8D366DE6-C9FB-4F96-A721-5ED732EED2E3}.AppStore|iPhone.ActiveCfg = Debug|Any CPU
		{8D366DE6-C9FB-4F96-A721-5ED732EED2E3}.AppStore|iPhone.Build.0 = Debug|Any CPU
		{8D366DE6-C9FB-4F96-A721-5ED732EED2E3}.Debug|Any CPU.ActiveCfg = Debug|Any CPU
		{8D366DE6-C9FB-4F96-A721-5ED732EED2E3}.Debug|Any CPU.Build.0 = Debug|Any CPU
		{8D366DE6-C9FB-4F96-A721-5ED732EED2E3}.Debug|iPhone.ActiveCfg = Debug|Any CPU
		{8D366DE6-C9FB-4F96-A721-5ED732EED2E3}.Debug|iPhone.Build.0 = Debug|Any CPU
		{8D366DE6-C9FB-4F96-A721-5ED732EED2E3}.Debug|iPhoneSimulator.ActiveCfg = Debug|Any CPU
		{8D366DE6-C9FB-4F96-A721-5ED732EED2E3}.Debug|iPhoneSimulator.Build.0 = Debug|Any CPU
		{8D366DE6-C9FB-4F96-A721-5ED732EED2E3}.Release|Any CPU.ActiveCfg = Release|Any CPU
		{8D366DE6-C9FB-4F96-A721-5ED732EED2E3}.Release|Any CPU.Build.0 = Release|Any CPU
		{8D366DE6-C9FB-4F96-A721-5ED732EED2E3}.Release|iPhone.ActiveCfg = Release|Any CPU
		{8D366DE6-C9FB-4F96-A721-5ED732EED2E3}.Release|iPhone.Build.0 = Release|Any CPU
		{8D366DE6-C9FB-4F96-A721-5ED732EED2E3}.Release|iPhoneSimulator.ActiveCfg = Release|Any CPU
		{8D366DE6-C9FB-4F96-A721-5ED732EED2E3}.Release|iPhoneSimulator.Build.0 = Release|Any CPU
		{780A4FE8-9968-478B-89A4-EE9DB1D5A858}.Ad-Hoc|iPhone.ActiveCfg = Debug|Any CPU
		{780A4FE8-9968-478B-89A4-EE9DB1D5A858}.Ad-Hoc|iPhone.Build.0 = Debug|Any CPU
		{780A4FE8-9968-478B-89A4-EE9DB1D5A858}.Ad-Hoc|iPhone.Deploy.0 = Debug|Any CPU
		{780A4FE8-9968-478B-89A4-EE9DB1D5A858}.AppStore|iPhone.ActiveCfg = Debug|Any CPU
		{780A4FE8-9968-478B-89A4-EE9DB1D5A858}.AppStore|iPhone.Build.0 = Debug|Any CPU
		{780A4FE8-9968-478B-89A4-EE9DB1D5A858}.AppStore|iPhone.Deploy.0 = Debug|Any CPU
		{780A4FE8-9968-478B-89A4-EE9DB1D5A858}.Debug|Any CPU.ActiveCfg = Debug|Any CPU
		{780A4FE8-9968-478B-89A4-EE9DB1D5A858}.Debug|Any CPU.Build.0 = Debug|Any CPU
		{780A4FE8-9968-478B-89A4-EE9DB1D5A858}.Debug|Any CPU.Deploy.0 = Debug|Any CPU
		{780A4FE8-9968-478B-89A4-EE9DB1D5A858}.Debug|iPhone.ActiveCfg = Debug|Any CPU
		{780A4FE8-9968-478B-89A4-EE9DB1D5A858}.Debug|iPhone.Build.0 = Debug|Any CPU
		{780A4FE8-9968-478B-89A4-EE9DB1D5A858}.Debug|iPhone.Deploy.0 = Debug|Any CPU
		{780A4FE8-9968-478B-89A4-EE9DB1D5A858}.Debug|iPhoneSimulator.ActiveCfg = Debug|Any CPU
		{780A4FE8-9968-478B-89A4-EE9DB1D5A858}.Debug|iPhoneSimulator.Build.0 = Debug|Any CPU
		{780A4FE8-9968-478B-89A4-EE9DB1D5A858}.Debug|iPhoneSimulator.Deploy.0 = Debug|Any CPU
		{780A4FE8-9968-478B-89A4-EE9DB1D5A858}.Release|Any CPU.ActiveCfg = Release|Any CPU
		{780A4FE8-9968-478B-89A4-EE9DB1D5A858}.Release|Any CPU.Build.0 = Release|Any CPU
		{780A4FE8-9968-478B-89A4-EE9DB1D5A858}.Release|Any CPU.Deploy.0 = Release|Any CPU
		{780A4FE8-9968-478B-89A4-EE9DB1D5A858}.Release|iPhone.ActiveCfg = Release|Any CPU
		{780A4FE8-9968-478B-89A4-EE9DB1D5A858}.Release|iPhone.Build.0 = Release|Any CPU
		{780A4FE8-9968-478B-89A4-EE9DB1D5A858}.Release|iPhone.Deploy.0 = Release|Any CPU
		{780A4FE8-9968-478B-89A4-EE9DB1D5A858}.Release|iPhoneSimulator.ActiveCfg = Release|Any CPU
		{780A4FE8-9968-478B-89A4-EE9DB1D5A858}.Release|iPhoneSimulator.Build.0 = Release|Any CPU
		{780A4FE8-9968-478B-89A4-EE9DB1D5A858}.Release|iPhoneSimulator.Deploy.0 = Release|Any CPU
		{946B1578-1722-4247-8749-6376B7EADDFE}.Ad-Hoc|iPhone.ActiveCfg = Ad-Hoc|iPhone
		{946B1578-1722-4247-8749-6376B7EADDFE}.Ad-Hoc|iPhone.Build.0 = Ad-Hoc|iPhone
		{946B1578-1722-4247-8749-6376B7EADDFE}.Ad-Hoc|iPhone.Deploy.0 = Ad-Hoc|iPhone
		{946B1578-1722-4247-8749-6376B7EADDFE}.AppStore|iPhone.ActiveCfg = AppStore|iPhone
		{946B1578-1722-4247-8749-6376B7EADDFE}.AppStore|iPhone.Build.0 = AppStore|iPhone
		{946B1578-1722-4247-8749-6376B7EADDFE}.AppStore|iPhone.Deploy.0 = AppStore|iPhone
		{946B1578-1722-4247-8749-6376B7EADDFE}.Debug|Any CPU.ActiveCfg = Debug|iPhoneSimulator
		{946B1578-1722-4247-8749-6376B7EADDFE}.Debug|Any CPU.Build.0 = Debug|iPhoneSimulator
		{946B1578-1722-4247-8749-6376B7EADDFE}.Debug|Any CPU.Deploy.0 = Debug|iPhoneSimulator
		{946B1578-1722-4247-8749-6376B7EADDFE}.Debug|iPhone.ActiveCfg = Debug|iPhone
		{946B1578-1722-4247-8749-6376B7EADDFE}.Debug|iPhone.Build.0 = Debug|iPhone
		{946B1578-1722-4247-8749-6376B7EADDFE}.Debug|iPhone.Deploy.0 = Debug|iPhone
		{946B1578-1722-4247-8749-6376B7EADDFE}.Debug|iPhoneSimulator.ActiveCfg = Debug|iPhoneSimulator
		{946B1578-1722-4247-8749-6376B7EADDFE}.Debug|iPhoneSimulator.Build.0 = Debug|iPhoneSimulator
		{946B1578-1722-4247-8749-6376B7EADDFE}.Debug|iPhoneSimulator.Deploy.0 = Debug|iPhoneSimulator
		{946B1578-1722-4247-8749-6376B7EADDFE}.Release|Any CPU.ActiveCfg = Release|iPhoneSimulator
		{946B1578-1722-4247-8749-6376B7EADDFE}.Release|Any CPU.Build.0 = Release|iPhoneSimulator
		{946B1578-1722-4247-8749-6376B7EADDFE}.Release|Any CPU.Deploy.0 = Release|iPhoneSimulator
		{946B1578-1722-4247-8749-6376B7EADDFE}.Release|iPhone.ActiveCfg = Release|iPhone
		{946B1578-1722-4247-8749-6376B7EADDFE}.Release|iPhone.Build.0 = Release|iPhone
		{946B1578-1722-4247-8749-6376B7EADDFE}.Release|iPhone.Deploy.0 = Release|iPhone
		{946B1578-1722-4247-8749-6376B7EADDFE}.Release|iPhoneSimulator.ActiveCfg = Release|iPhoneSimulator
		{946B1578-1722-4247-8749-6376B7EADDFE}.Release|iPhoneSimulator.Build.0 = Release|iPhoneSimulator
		{946B1578-1722-4247-8749-6376B7EADDFE}.Release|iPhoneSimulator.Deploy.0 = Release|iPhoneSimulator
	EndGlobalSection
EndGlobal
